<?xml version="1.0" encoding="utf-8"?>
<Project ToolsVersion="4.0" xmlns="http://schemas.microsoft.com/developer/msbuild/2003">
  <ItemGroup>
    <Filter Include="res">
      <UniqueIdentifier>{9b152f9d-a092-42a9-ac47-0594f135a640}</UniqueIdentifier>
      <Extensions>rc;ico;cur;bmp;dlg;rc2;rct;bin;rgs;gif;jpg;jpeg;jpe;resx;tiff;tif;png;wav;mfcribbon-ms</Extensions>
    </Filter>
    <Filter Include="mingw">
      <UniqueIdentifier>{de82e1a8-dd59-44ac-8f0a-1b02590fb418}</UniqueIdentifier>
    </Filter>
    <Filter Include="other">
      <UniqueIdentifier>{821148a1-2718-4ce4-bf36-bf241e71cd96}</UniqueIdentifier>
    </Filter>
  </ItemGroup>
  <ItemGroup>
    <ClCompile Include="dllmain.c" />
    <ClCompile Include="patches.c" />
    <ClCompile Include="inih\ini.c">
      <Filter>inih</Filter>
    </ClCompile>
  </ItemGroup>
  <ItemGroup>
    <ClInclude Include="patch.h" />
    <ClInclude Include="patches.h" />
    <ClInclude Include="inih\ini.h">
      <Filter>inih</Filter>
    </ClInclude>
  </ItemGroup>
  <ItemGroup>
    <Filter Include="inih">
      <UniqueIdentifier>{c3e8fbd1-cc96-4f63-8f05-02fef02aadba}</UniqueIdentifier>
    </Filter>
  </ItemGroup>
  <ItemGroup>
    <None Include="res\prota.ini">
      <Filter>res</Filter>
    </None>
    <None Include="res\patches.ini">
      <Filter>res</Filter>
    </None>
    <None Include="res\mayhem.ini">
      <Filter>res</Filter>
    </None>
    <None Include="makefile">
      <Filter>mingw</Filter>
    </None>
    <None Include="dplayx.def">
      <Filter>mingw</Filter>
    </None>
    <None Include="build.cmd">
      <Filter>mingw</Filter>
    </None>
    <None Include=".gitignore">
      <Filter>other</Filter>
    </None>
    <None Include="LICENSE">
      <Filter>other</Filter>
    </None>
    <None Include="README.md">
      <Filter>other</Filter>
    </None>
  </ItemGroup>
  <ItemGroup>
    <ResourceCompile Include="res\res.rc">
      <Filter>res</Filter>
    </ResourceCompile>
  </ItemGroup>
</Project>